// !$*UTF8*$!
{
	archiveVersion = 1;
	classes = {
	};
	objectVersion = 48;
	objects = {

/* Begin PBXBuildFile section */
		C8EA6A502083BB9B001CC9DC /* AppDelegate.swift in Sources */ = {isa = PBXBuildFile; fileRef = C8EA6A4F2083BB9B001CC9DC /* AppDelegate.swift */; };
		C8EA6A522083BB9B001CC9DC /* ViewController.swift in Sources */ = {isa = PBXBuildFile; fileRef = C8EA6A512083BB9B001CC9DC /* ViewController.swift */; };
		C8EA6A552083BB9B001CC9DC /* Main.storyboard in Resources */ = {isa = PBXBuildFile; fileRef = C8EA6A532083BB9B001CC9DC /* Main.storyboard */; };
		C8EA6A572083BB9B001CC9DC /* Assets.xcassets in Resources */ = {isa = PBXBuildFile; fileRef = C8EA6A562083BB9B001CC9DC /* Assets.xcassets */; };
		C8EA6A5A2083BB9B001CC9DC /* LaunchScreen.storyboard in Resources */ = {isa = PBXBuildFile; fileRef = C8EA6A582083BB9B001CC9DC /* LaunchScreen.storyboard */; };
		C8EA6A622083BCBA001CC9DC /* 3.jpg in Resources */ = {isa = PBXBuildFile; fileRef = C8EA6A612083BCBA001CC9DC /* 3.jpg */; };
		C8EA6A652083BCDC001CC9DC /* 2.jpg in Resources */ = {isa = PBXBuildFile; fileRef = C8EA6A632083BCDC001CC9DC /* 2.jpg */; };
		C8EA6A662083BCDC001CC9DC /* 1.jpg in Resources */ = {isa = PBXBuildFile; fileRef = C8EA6A642083BCDC001CC9DC /* 1.jpg */; };
/* End PBXBuildFile section */

/* Begin PBXFileReference section */
		C8EA6A4C2083BB9A001CC9DC /* animation.app */ = {isa = PBXFileReference; explicitFileType = wrapper.application; includeInIndex = 0; path = animation.app; sourceTree = BUILT_PRODUCTS_DIR; };
		C8EA6A4F2083BB9B001CC9DC /* AppDelegate.swift */ = {isa = PBXFileReference; lastKnownFileType = sourcecode.swift; path = AppDelegate.swift; sourceTree = "<group>"; };
		C8EA6A512083BB9B001CC9DC /* ViewController.swift */ = {isa = PBXFileReference; lastKnownFileType = sourcecode.swift; path = ViewController.swift; sourceTree = "<group>"; };
		C8EA6A542083BB9B001CC9DC /* Base */ = {isa = PBXFileReference; lastKnownFileType = file.storyboard; name = Base; path = Base.lproj/Main.storyboard; sourceTree = "<group>"; };
		C8EA6A562083BB9B001CC9DC /* Assets.xcassets */ = {isa = PBXFileReference; lastKnownFileType = folder.assetcatalog; path = Assets.xcassets; sourceTree = "<group>"; };
		C8EA6A592083BB9B001CC9DC /* Base */ = {isa = PBXFileReference; lastKnownFileType = file.storyboard; name = Base; path = Base.lproj/LaunchScreen.storyboard; sourceTree = "<group>"; };
		C8EA6A5B2083BB9B001CC9DC /* Info.plist */ = {isa = PBXFileReference; lastKnownFileType = text.plist.xml; path = Info.plist; sourceTree = "<group>"; };
		C8EA6A612083BCBA001CC9DC /* 3.jpg */ = {isa = PBXFileReference; lastKnownFileType = image.jpeg; path = 3.jpg; sourceTree = "<group>"; };
		C8EA6A632083BCDC001CC9DC /* 2.jpg */ = {isa = PBXFileReference; lastKnownFileType = image.jpeg; path = 2.jpg; sourceTree = "<group>"; };
		C8EA6A642083BCDC001CC9DC /* 1.jpg */ = {isa = PBXFileReference; lastKnownFileType = image.jpeg; path = 1.jpg; sourceTree = "<group>"; };
/* End PBXFileReference section */

/* Begin PBXFrameworksBuildPhase section */
		C8EA6A492083BB9A001CC9DC /* Frameworks */ = {
			isa = PBXFrameworksBuildPhase;
			buildActionMask = 2147483647;
			files = (
			);
			runOnlyForDeploymentPostprocessing = 0;
		};
/* End PBXFrameworksBuildPhase section */

/* Begin PBXGroup section */
		C8EA6A432083BB9A001CC9DC = {
			isa = PBXGroup;
			children = (
				C8EA6A4E2083BB9A001CC9DC /* animation */,
				C8EA6A4D2083BB9A001CC9DC /* Products */,
			);
			sourceTree = "<group>";
		};
		C8EA6A4D2083BB9A001CC9DC /* Products */ = {
			isa = PBXGroup;
			children = (
				C8EA6A4C2083BB9A001CC9DC /* animation.app */,
			);
			name = Products;
			sourceTree = "<group>";
		};
		C8EA6A4E2083BB9A001CC9DC /* animation */ = {
			isa = PBXGroup;
			children = (
				C8EA6A4F2083BB9B001CC9DC /* AppDelegate.swift */,
				C8EA6A512083BB9B001CC9DC /* ViewController.swift */,
				C8EA6A532083BB9B001CC9DC /* Main.storyboard */,
				C8EA6A562083BB9B001CC9DC /* Assets.xcassets */,
				C8EA6A642083BCDC001CC9DC /* 1.jpg */,
				C8EA6A632083BCDC001CC9DC /* 2.jpg */,
				C8EA6A612083BCBA001CC9DC /* 3.jpg */,
				C8EA6A582083BB9B001CC9DC /* LaunchScreen.storyboard */,
				C8EA6A5B2083BB9B001CC9DC /* Info.plist */,
			);
			path = animation;
			sourceTree = "<group>";
		};
/* End PBXGroup section */

/* Begin PBXNativeTarget section */
		C8EA6A4B2083BB9A001CC9DC /* animation */ = {
			isa = PBXNativeTarget;
			buildConfigurationList = C8EA6A5E2083BB9B001CC9DC /* Build configuration list for PBXNativeTarget "animation" */;
			buildPhases = (
				C8EA6A482083BB9A001CC9DC /* Sources */,
				C8EA6A492083BB9A001CC9DC /* Frameworks */,
				C8EA6A4A2083BB9A001CC9DC /* Resources */,
			);
			buildRules = (
			);
			dependencies = (
			);
			name = animation;
			productName = animation;
			productReference = C8EA6A4C2083BB9A001CC9DC /* animation.app */;
			productType = "com.apple.product-type.application";
		};
/* End PBXNativeTarget section */

/* Begin PBXProject section */
		C8EA6A442083BB9A001CC9DC /* Project object */ = {
			isa = PBXProject;
			attributes = {
				LastSwiftUpdateCheck = 0920;
				LastUpgradeCheck = 0920;
				ORGANIZATIONNAME = "MUHAMED SALIH SI";
				TargetAttributes = {
					C8EA6A4B2083BB9A001CC9DC = {
						CreatedOnToolsVersion = 9.2;
						ProvisioningStyle = Automatic;
					};
				};
			};
			buildConfigurationList = C8EA6A472083BB9A001CC9DC /* Build configuration list for PBXProject "animation" */;
			compatibilityVersion = "Xcode 8.0";
			developmentRegion = en;
			hasScannedForEncodings = 0;
			knownRegions = (
				en,
				Base,
			);
			mainGroup = C8EA6A432083BB9A001CC9DC;
			productRefGroup = C8EA6A4D2083BB9A001CC9DC /* Products */;
			projectDirPath = "";
			projectRoot = "";
			targets = (
				C8EA6A4B2083BB9A001CC9DC /* animation */,
			);
		};
/* End PBXProject section */

/* Begin PBXResourcesBuildPhase section */
		C8EA6A4A2083BB9A001CC9DC /* Resources */ = {
			isa = PBXResourcesBuildPhase;
			buildActionMask = 2147483647;
			files = (
				C8EA6A622083BCBA001CC9DC /* 3.jpg in Resources */,
				C8EA6A5A2083BB9B001CC9DC /* LaunchScreen.storyboard in Resources */,
				C8EA6A662083BCDC001CC9DC /* 1.jpg in Resources */,
				C8EA6A572083BB9B001CC9DC /* Assets.xcassets in Resources */,
				C8EA6A552083BB9B001CC9DC /* Main.storyboard in Resources */,
				C8EA6A652083BCDC001CC9DC /* 2.jpg in Resources */,
			);
			runOnlyForDeploymentPostprocessing = 0;
		};
/* End PBXResourcesBuildPhase section */

/* Begin PBXSourcesBuildPhase section */
		C8EA6A482083BB9A001CC9DC /* Sources */ = {
			isa = PBXSourcesBuildPhase;
			buildActionMask = 2147483647;
			files = (
				C8EA6A522083BB9B001CC9DC /* ViewController.swift in Sources */,
				C8EA6A502083BB9B001CC9DC /* AppDelegate.swift in Sources */,
			);
			runOnlyForDeploymentPostprocessing = 0;
		};
/* End PBXSourcesBuildPhase section */

/* Begin PBXVariantGroup section */
		C8EA6A532083BB9B001CC9DC /* Main.storyboard */ = {
			isa = PBXVariantGroup;
			children = (
				C8EA6A542083BB9B001CC9DC /* Base */,
			);
			name = Main.storyboard;
			sourceTree = "<group>";
		};
		C8EA6A582083BB9B001CC9DC /* LaunchScreen.storyboard */ = {
			isa = PBXVariantGroup;
			children = (
				C8EA6A592083BB9B001CC9DC /* Base */,
			);
			name = LaunchScreen.storyboard;
			sourceTree = "<group>";
		};
/* End PBXVariantGroup section */

/* Begin XCBuildConfiguration section */
		C8EA6A5C2083BB9B001CC9DC /* Debug */ = {
			isa = XCBuildConfiguration;
			buildSettings = {
				ALWAYS_SEARCH_USER_PATHS = NO;
				CLANG_ANALYZER_NONNULL = YES;
				CLANG_ANALYZER_NUMBER_OBJECT_CONVERSION = YES_AGGRESSIVE;
				CLANG_CXX_LANGUAGE_STANDARD = "gnu++14";
				CLANG_CXX_LIBRARY = "libc++";
				CLANG_ENABLE_MODULES = YES;
				CLANG_ENABLE_OBJC_ARC = YES;
				CLANG_WARN_BLOCK_CAPTURE_AUTORELEASING = YES;
				CLANG_WARN_BOOL_CONVERSION = YES;
				CLANG_WARN_COMMA = YES;
				CLANG_WARN_CONSTANT_CONVERSION = YES;
				CLANG_WARN_DIRECT_OBJC_ISA_USAGE = YES_ERROR;
				CLANG_WARN_DOCUMENTATION_COMMENTS = YES;
				CLANG_WARN_EMPTY_BODY = YES;
				CLANG_WARN_ENUM_CONVERSION = YES;
				CLANG_WARN_INFINITE_RECURSION = YES;
				CLANG_WARN_INT_CONVERSION = YES;
				CLANG_WARN_NON_LITERAL_NULL_CONVERSION = YES;
				CLANG_WARN_OBJC_LITERAL_CONVERSION = YES;
				CLANG_WARN_OBJC_ROOT_CLASS = YES_ERROR;
				CLANG_WARN_RANGE_LOOP_ANALYSIS = YES;
				CLANG_WARN_STRICT_PROTOTYPES = YES;
				CLANG_WARN_SUSPICIOUS_MOVE = YES;
				CLANG_WARN_UNGUARDED_AVAILABILITY = YES_AGGRESSIVE;
				CLANG_WARN_UNREACHABLE_CODE = YES;
				CLANG_WARN__DUPLICATE_METHOD_MATCH = YES;
				CODE_SIGN_IDENTITY = "iPhone Developer";
				COPY_PHASE_STRIP = NO;
				DEBUG_INFORMATION_FORMAT = dwarf;
				ENABLE_STRICT_OBJC_MSGSEND = YES;
				ENABLE_TESTABILITY = YES;
				GCC_C_LANGUAGE_STANDARD = gnu11;
				GCC_DYNAMIC_NO_PIC = NO;
				GCC_NO_COMMON_BLOCKS = YES;
				GCC_OPTIMIZATION_LEVEL = 0;
				GCC_PREPROCESSOR_DEFINITIONS = (
					"DEBUG=1",
					"$(inherited)",
				);
				GCC_WARN_64_TO_32_BIT_CONVERSION = YES;
				GCC_WARN_ABOUT_RETURN_TYPE = YES_ERROR;
				GCC_WARN_UNDECLARED_SELECTOR = YES;
				GCC_WARN_UNINITIALIZED_AUTOS = YES_AGGRESSIVE;
				GCC_WARN_UNUSED_FUNCTION = YES;
				GCC_WARN_UNUSED_VARIABLE = YES;
				IPHONEOS_DEPLOYMENT_TARGET = 11.2;
				MTL_ENABLE_DEBUG_INFO = YES;
				ONLY_ACTIVE_ARCH = YES;
				SDKROOT = iphoneos;
				SWIFT_ACTIVE_COMPILATION_CONDITIONS = DEBUG;
				SWIFT_OPTIMIZATION_LEVEL = "-Onone";
			};
			name = Debug;
		};
		C8EA6A5D2083BB9B001CC9DC /* Release */ = {
			isa = XCBuildConfiguration;
			buildSettings = {
				ALWAYS_SEARCH_USER_PATHS = NO;
				CLANG_ANALYZER_NONNULL = YES;
				CLANG_ANALYZER_NUMBER_OBJECT_CONVERSION = YES_AGGRESSIVE;
				CLANG_CXX_LANGUAGE_STANDARD = "gnu++14";
				CLANG_CXX_LIBRARY = "libc++";
				CLANG_ENABLE_MODULES = YES;
				CLANG_ENABLE_OBJC_ARC = YES;
				CLANG_WARN_BLOCK_CAPTURE_AUTORELEASING = YES;
				CLANG_WARN_BOOL_CONVERSION = YES;
				CLANG_WARN_COMMA = YES;
				CLANG_WARN_CONSTANT_CONVERSION = YES;
				CLANG_WARN_DIRECT_OBJC_ISA_USAGE = YES_ERROR;
				CLANG_WARN_DOCUMENTATION_COMMENTS = YES;
				CLANG_WARN_EMPTY_BODY = YES;
				CLANG_WARN_ENUM_CONVERSION = YES;
				CLANG_WARN_INFINITE_RECURSION = YES;
				CLANG_WARN_INT_CONVERSION = YES;
				CLANG_WARN_NON_LITERAL_NULL_CONVERSION = YES;
				CLANG_WARN_OBJC_LITERAL_CONVERSION = YES;
				CLANG_WARN_OBJC_ROOT_CLASS = YES_ERROR;
				CLANG_WARN_RANGE_LOOP_ANALYSIS = YES;
				CLANG_WARN_STRICT_PROTOTYPES = YES;
				CLANG_WARN_SUSPICIOUS_MOVE = YES;
				CLANG_WARN_UNGUARDED_AVAILABILITY = YES_AGGRESSIVE;
				CLANG_WARN_UNREACHABLE_CODE = YES;
				CLANG_WARN__DUPLICATE_METHOD_MATCH = YES;
				CODE_SIGN_IDENTITY = "iPhone Developer";
				COPY_PHASE_STRIP = NO;
				DEBUG_INFORMATION_FORMAT = "dwarf-with-dsym";
				ENABLE_NS_ASSERTIONS = NO;
				ENABLE_STRICT_OBJC_MSGSEND = YES;
				GCC_C_LANGUAGE_STANDARD = gnu11;
				GCC_NO_COMMON_BLOCKS = YES;
				GCC_WARN_64_TO_32_BIT_CONVERSION = YES;
				GCC_WARN_ABOUT_RETURN_TYPE = YES_ERROR;
				GCC_WARN_UNDECLARED_SELECTOR = YES;
				GCC_WARN_UNINITIALIZED_AUTOS = YES_AGGRESSIVE;
				GCC_WARN_UNUSED_FUNCTION = YES;
				GCC_WARN_UNUSED_VARIABLE = YES;
				IPHONEOS_DEPLOYMENT_TARGET = 11.2;
				MTL_ENABLE_DEBUG_INFO = NO;
				SDKROOT = iphoneos;
				SWIFT_OPTIMIZATION_LEVEL = "-Owholemodule";
				VALIDATE_PRODUCT = YES;
			};
			name = Release;
		};
		C8EA6A5F2083BB9B001CC9DC /* Debug */ = {
			isa = XCBuildConfiguration;
			buildSettings = {
				ASSETCATALOG_COMPILER_APPICON_NAME = AppIcon;
				CODE_SIGN_STYLE = Automatic;
				DEVELOPMENT_TEAM = HWJ4A6RA8Q;
				INFOPLIST_FILE = animation/Info.plist;
				LD_RUNPATH_SEARCH_PATHS = "$(inherited) @executable_path/Frameworks";
				PRODUCT_BUNDLE_IDENTIFIER = sample.animation;
				PRODUCT_NAME = "$(TARGET_NAME)";
				SWIFT_VERSION = 4.0;
				TARGETED_DEVICE_FAMILY = "1,2";
			};
			name = Debug;
		};
		C8EA6A602083BB9B001CC9DC /* Release */ = {
			isa = XCBuildConfiguration;
			buildSettings = {
				ASSETCATALOG_COMPILER_APPICON_NAME = AppIcon;
				CODE_SIGN_STYLE = Automatic;
				DEVELOPMENT_TEAM = HWJ4A6RA8Q;
				INFOPLIST_FILE = animation/Info.plist;
				LD_RUNPATH_SEARCH_PATHS = "$(inherited) @executable_path/Frameworks";
				PRODUCT_BUNDLE_IDENTIFIER = sample.animation;
				PRODUCT_NAME = "$(TARGET_NAME)";
				SWIFT_VERSION = 4.0;
				TARGETED_DEVICE_FAMILY = "1,2";
			};
			name = Release;
		};
/* End XCBuildConfiguration section */

/* Begin XCConfigurationList section */
		C8EA6A472083BB9A001CC9DC /* Build configuration list for PBXProject "animation" */ = {
			isa = XCConfigurationList;
			buildConfigurations = (
				C8EA6A5C2083BB9B001CC9DC /* Debug */,
				C8EA6A5D2083BB9B001CC9DC /* Release */,
			);
			defaultConfigurationIsVisible = 0;
			defaultConfigurationName = Release;
		};
		C8EA6A5E2083BB9B001CC9DC /* Build configuration list for PBXNativeTarget "animation" */ = {
			isa = XCConfigurationList;
			buildConfigurations = (
				C8EA6A5F2083BB9B001CC9DC /* Debug */,
				C8EA6A602083BB9B001CC9DC /* Release */,
			);
			defaultConfigurationIsVisible = 0;
			defaultConfigurationName = Release;
		};
/* End XCConfigurationList section */
	};
	rootObject = C8EA6A442083BB9A001CC9DC /* Project object */;
}
